
Microsoft Visual Studio Solution File, Format Version 12.00
# Visual Studio Version 17
VisualStudioVersion = 17.5.002.0
MinimumVisualStudioVersion = 10.0.40219.1
Project("{9A19103F-16F7-4668-BE54-9A1E7A4F7556}") = "Lab1", "Lab1.csproj", "{DC1C6B16-E8A6-4B32-BAAD-B63F8112FA74}"
EndProject
Global
	GlobalSection(SolutionConfigurationPlatforms) = preSolution
		Debug|Any CPU = Debug|Any CPU
		Release|Any CPU = Release|Any CPU
	EndGlobalSection
	GlobalSection(ProjectConfigurationPlatforms) = postSolution
		{DC1C6B16-E8A6-4B32-BAAD-B63F8112FA74}.Debug|Any CPU.ActiveCfg = Debug|Any CPU
		{DC1C6B16-E8A6-4B32-BAAD-B63F8112FA74}.Debug|Any CPU.Build.0 = Debug|Any CPU
		{DC1C6B16-E8A6-4B32-BAAD-B63F8112FA74}.Release|Any CPU.ActiveCfg = Release|Any CPU
		{DC1C6B16-E8A6-4B32-BAAD-B63F8112FA74}.Release|Any CPU.Build.0 = Release|Any CPU
	EndGlobalSection
	GlobalSection(SolutionProperties) = preSolution
		HideSolutionNode = FALSE
	EndGlobalSection
	GlobalSection(ExtensibilityGlobals) = postSolution
		SolutionGuid = {E7445044-429B-4C28-B3D9-3EC823B3119F}
	EndGlobalSection
EndGlobal
